
Microsoft Visual Studio Solution File, Format Version 12.00
# Visual Studio Version 16
VisualStudioVersion = 16.0.31005.135
MinimumVisualStudioVersion = 10.0.40219.1
Project("{9A19103F-16F7-4668-BE54-9A1E7A4F7556}") = "01.InitialSetup", "01.InitialSetup\01.InitialSetup.csproj", "{F8549FB8-F37C-4119-B9F5-7D96E5016DAC}"
EndProject
Project("{FAE04EC0-301F-11D3-BF4B-00C04F79EFBC}") = "02.VillainNames", "02.VillainNames\02.VillainNames.csproj", "{233FF1E8-AD46-4CFC-A18F-E7D2E8B06CEE}"
EndProject
Project("{FAE04EC0-301F-11D3-BF4B-00C04F79EFBC}") = "03. MinionNames", "03. MinionNames\03. MinionNames.csproj", "{2B4CAE6C-AB23-413A-B307-6FC4156FAA9F}"
EndProject
Global
	GlobalSection(SolutionConfigurationPlatforms) = preSolution
		Debug|Any CPU = Debug|Any CPU
		Release|Any CPU = Release|Any CPU
	EndGlobalSection
	GlobalSection(ProjectConfigurationPlatforms) = postSolution
		{F8549FB8-F37C-4119-B9F5-7D96E5016DAC}.Debug|Any CPU.ActiveCfg = Debug|Any CPU
		{F8549FB8-F37C-4119-B9F5-7D96E5016DAC}.Debug|Any CPU.Build.0 = Debug|Any CPU
		{F8549FB8-F37C-4119-B9F5-7D96E5016DAC}.Release|Any CPU.ActiveCfg = Release|Any CPU
		{F8549FB8-F37C-4119-B9F5-7D96E5016DAC}.Release|Any CPU.Build.0 = Release|Any CPU
		{233FF1E8-AD46-4CFC-A18F-E7D2E8B06CEE}.Debug|Any CPU.ActiveCfg = Debug|Any CPU
		{233FF1E8-AD46-4CFC-A18F-E7D2E8B06CEE}.Debug|Any CPU.Build.0 = Debug|Any CPU
		{233FF1E8-AD46-4CFC-A18F-E7D2E8B06CEE}.Release|Any CPU.ActiveCfg = Release|Any CPU
		{233FF1E8-AD46-4CFC-A18F-E7D2E8B06CEE}.Release|Any CPU.Build.0 = Release|Any CPU
		{2B4CAE6C-AB23-413A-B307-6FC4156FAA9F}.Debug|Any CPU.ActiveCfg = Debug|Any CPU
		{2B4CAE6C-AB23-413A-B307-6FC4156FAA9F}.Debug|Any CPU.Build.0 = Debug|Any CPU
		{2B4CAE6C-AB23-413A-B307-6FC4156FAA9F}.Release|Any CPU.ActiveCfg = Release|Any CPU
		{2B4CAE6C-AB23-413A-B307-6FC4156FAA9F}.Release|Any CPU.Build.0 = Release|Any CPU
	EndGlobalSection
	GlobalSection(SolutionProperties) = preSolution
		HideSolutionNode = FALSE
	EndGlobalSection
	GlobalSection(ExtensibilityGlobals) = postSolution
		SolutionGuid = {7277C7C0-09DE-4822-B22F-59D153F49FFA}
	EndGlobalSection
EndGlobal
