
Microsoft Visual Studio Solution File, Format Version 12.00
# Visual Studio Version 16
VisualStudioVersion = 16.0.29025.244
MinimumVisualStudioVersion = 10.0.40219.1
Project("{9A19103F-16F7-4668-BE54-9A1E7A4F7556}") = "01.ClassBoxData", "01.ClassBoxData\01.ClassBoxData.csproj", "{A8E4E682-C72B-49DB-A9E6-AF473224D741}"
EndProject
Project("{9A19103F-16F7-4668-BE54-9A1E7A4F7556}") = "02.AnimalFarm", "02.AnimalFarm\02.AnimalFarm.csproj", "{9A9E6233-D96F-48E7-A828-AA2CD74F060D}"
EndProject
Project("{9A19103F-16F7-4668-BE54-9A1E7A4F7556}") = "03.ShoppingSpree", "03.ShoppingSpree\03.ShoppingSpree.csproj", "{394FA76C-15B8-4866-80E0-B3387F7696C3}"
EndProject
Project("{9A19103F-16F7-4668-BE54-9A1E7A4F7556}") = "04.PizzaCalories", "04.PizzaCalories\04.PizzaCalories.csproj", "{089FF76A-D9D0-45AF-9905-1FDA589BADD6}"
EndProject
Project("{FAE04EC0-301F-11D3-BF4B-00C04F79EFBC}") = "05.FootballTeam", "05.FootballTeam\05.FootballTeam.csproj", "{B1F19F2B-7DBA-44F9-ABE1-53F627C7690D}"
EndProject
Global
	GlobalSection(SolutionConfigurationPlatforms) = preSolution
		Debug|Any CPU = Debug|Any CPU
		Release|Any CPU = Release|Any CPU
	EndGlobalSection
	GlobalSection(ProjectConfigurationPlatforms) = postSolution
		{A8E4E682-C72B-49DB-A9E6-AF473224D741}.Debug|Any CPU.ActiveCfg = Debug|Any CPU
		{A8E4E682-C72B-49DB-A9E6-AF473224D741}.Debug|Any CPU.Build.0 = Debug|Any CPU
		{A8E4E682-C72B-49DB-A9E6-AF473224D741}.Release|Any CPU.ActiveCfg = Release|Any CPU
		{A8E4E682-C72B-49DB-A9E6-AF473224D741}.Release|Any CPU.Build.0 = Release|Any CPU
		{9A9E6233-D96F-48E7-A828-AA2CD74F060D}.Debug|Any CPU.ActiveCfg = Debug|Any CPU
		{9A9E6233-D96F-48E7-A828-AA2CD74F060D}.Debug|Any CPU.Build.0 = Debug|Any CPU
		{9A9E6233-D96F-48E7-A828-AA2CD74F060D}.Release|Any CPU.ActiveCfg = Release|Any CPU
		{9A9E6233-D96F-48E7-A828-AA2CD74F060D}.Release|Any CPU.Build.0 = Release|Any CPU
		{394FA76C-15B8-4866-80E0-B3387F7696C3}.Debug|Any CPU.ActiveCfg = Debug|Any CPU
		{394FA76C-15B8-4866-80E0-B3387F7696C3}.Debug|Any CPU.Build.0 = Debug|Any CPU
		{394FA76C-15B8-4866-80E0-B3387F7696C3}.Release|Any CPU.ActiveCfg = Release|Any CPU
		{394FA76C-15B8-4866-80E0-B3387F7696C3}.Release|Any CPU.Build.0 = Release|Any CPU
		{089FF76A-D9D0-45AF-9905-1FDA589BADD6}.Debug|Any CPU.ActiveCfg = Debug|Any CPU
		{089FF76A-D9D0-45AF-9905-1FDA589BADD6}.Debug|Any CPU.Build.0 = Debug|Any CPU
		{089FF76A-D9D0-45AF-9905-1FDA589BADD6}.Release|Any CPU.ActiveCfg = Release|Any CPU
		{089FF76A-D9D0-45AF-9905-1FDA589BADD6}.Release|Any CPU.Build.0 = Release|Any CPU
		{B1F19F2B-7DBA-44F9-ABE1-53F627C7690D}.Debug|Any CPU.ActiveCfg = Debug|Any CPU
		{B1F19F2B-7DBA-44F9-ABE1-53F627C7690D}.Debug|Any CPU.Build.0 = Debug|Any CPU
		{B1F19F2B-7DBA-44F9-ABE1-53F627C7690D}.Release|Any CPU.ActiveCfg = Release|Any CPU
		{B1F19F2B-7DBA-44F9-ABE1-53F627C7690D}.Release|Any CPU.Build.0 = Release|Any CPU
	EndGlobalSection
	GlobalSection(SolutionProperties) = preSolution
		HideSolutionNode = FALSE
	EndGlobalSection
	GlobalSection(ExtensibilityGlobals) = postSolution
		SolutionGuid = {AFCBC335-B0A4-4D8B-A32F-24830093EA01}
	EndGlobalSection
EndGlobal
