
Microsoft Visual Studio Solution File, Format Version 12.00
# Visual Studio Version 16
VisualStudioVersion = 16.0.31005.135
MinimumVisualStudioVersion = 10.0.40219.1
Project("{FAE04EC0-301F-11D3-BF4B-00C04F79EFBC}") = "EFCoreIntroductionDemo", "EFCoreIntroductionDemo\EFCoreIntroductionDemo.csproj", "{2F74075B-82C7-406D-B181-27F127387998}"
EndProject
Global
	GlobalSection(SolutionConfigurationPlatforms) = preSolution
		Debug|Any CPU = Debug|Any CPU
		Release|Any CPU = Release|Any CPU
	EndGlobalSection
	GlobalSection(ProjectConfigurationPlatforms) = postSolution
		{2F74075B-82C7-406D-B181-27F127387998}.Debug|Any CPU.ActiveCfg = Debug|Any CPU
		{2F74075B-82C7-406D-B181-27F127387998}.Debug|Any CPU.Build.0 = Debug|Any CPU
		{2F74075B-82C7-406D-B181-27F127387998}.Release|Any CPU.ActiveCfg = Release|Any CPU
		{2F74075B-82C7-406D-B181-27F127387998}.Release|Any CPU.Build.0 = Release|Any CPU
	EndGlobalSection
	GlobalSection(SolutionProperties) = preSolution
		HideSolutionNode = FALSE
	EndGlobalSection
	GlobalSection(ExtensibilityGlobals) = postSolution
		SolutionGuid = {1CCDD9FE-0931-4885-90CD-DC26D12923B2}
	EndGlobalSection
EndGlobal
