
Microsoft Visual Studio Solution File, Format Version 12.00
# Visual Studio Version 16
VisualStudioVersion = 16.0.29025.244
MinimumVisualStudioVersion = 10.0.40219.1
Project("{9A19103F-16F7-4668-BE54-9A1E7A4F7556}") = "01.RawData", "01.RawData\01.RawData.csproj", "{FF16C9E0-0DE9-4AD7-8808-F5ED2D8BE4CF}"
EndProject
Project("{9A19103F-16F7-4668-BE54-9A1E7A4F7556}") = "02.CarsSalesman", "02.CarsSalesman\02.CarsSalesman.csproj", "{3007A575-5A66-40B6-9E1A-12D97CDD4508}"
EndProject
Project("{9A19103F-16F7-4668-BE54-9A1E7A4F7556}") = "03.JediGalaxy", "03.JediGalaxy\03.JediGalaxy.csproj", "{FD50FCA0-74D2-4374-B927-E3D4D0192BAF}"
EndProject
Project("{9A19103F-16F7-4668-BE54-9A1E7A4F7556}") = "04.Hospital", "04.Hospital\04.Hospital.csproj", "{A30C2F93-FB14-440C-A72A-B45AF8881EF5}"
EndProject
Project("{9A19103F-16F7-4668-BE54-9A1E7A4F7556}") = "06.Sneaking", "06.Sneaking\06.Sneaking.csproj", "{29F0C719-C00A-4FA7-81D0-995C590B534D}"
EndProject
Global
	GlobalSection(SolutionConfigurationPlatforms) = preSolution
		Debug|Any CPU = Debug|Any CPU
		Release|Any CPU = Release|Any CPU
	EndGlobalSection
	GlobalSection(ProjectConfigurationPlatforms) = postSolution
		{FF16C9E0-0DE9-4AD7-8808-F5ED2D8BE4CF}.Debug|Any CPU.ActiveCfg = Debug|Any CPU
		{FF16C9E0-0DE9-4AD7-8808-F5ED2D8BE4CF}.Debug|Any CPU.Build.0 = Debug|Any CPU
		{FF16C9E0-0DE9-4AD7-8808-F5ED2D8BE4CF}.Release|Any CPU.ActiveCfg = Release|Any CPU
		{FF16C9E0-0DE9-4AD7-8808-F5ED2D8BE4CF}.Release|Any CPU.Build.0 = Release|Any CPU
		{3007A575-5A66-40B6-9E1A-12D97CDD4508}.Debug|Any CPU.ActiveCfg = Debug|Any CPU
		{3007A575-5A66-40B6-9E1A-12D97CDD4508}.Debug|Any CPU.Build.0 = Debug|Any CPU
		{3007A575-5A66-40B6-9E1A-12D97CDD4508}.Release|Any CPU.ActiveCfg = Release|Any CPU
		{3007A575-5A66-40B6-9E1A-12D97CDD4508}.Release|Any CPU.Build.0 = Release|Any CPU
		{FD50FCA0-74D2-4374-B927-E3D4D0192BAF}.Debug|Any CPU.ActiveCfg = Debug|Any CPU
		{FD50FCA0-74D2-4374-B927-E3D4D0192BAF}.Debug|Any CPU.Build.0 = Debug|Any CPU
		{FD50FCA0-74D2-4374-B927-E3D4D0192BAF}.Release|Any CPU.ActiveCfg = Release|Any CPU
		{FD50FCA0-74D2-4374-B927-E3D4D0192BAF}.Release|Any CPU.Build.0 = Release|Any CPU
		{A30C2F93-FB14-440C-A72A-B45AF8881EF5}.Debug|Any CPU.ActiveCfg = Debug|Any CPU
		{A30C2F93-FB14-440C-A72A-B45AF8881EF5}.Debug|Any CPU.Build.0 = Debug|Any CPU
		{A30C2F93-FB14-440C-A72A-B45AF8881EF5}.Release|Any CPU.ActiveCfg = Release|Any CPU
		{A30C2F93-FB14-440C-A72A-B45AF8881EF5}.Release|Any CPU.Build.0 = Release|Any CPU
		{29F0C719-C00A-4FA7-81D0-995C590B534D}.Debug|Any CPU.ActiveCfg = Debug|Any CPU
		{29F0C719-C00A-4FA7-81D0-995C590B534D}.Debug|Any CPU.Build.0 = Debug|Any CPU
		{29F0C719-C00A-4FA7-81D0-995C590B534D}.Release|Any CPU.ActiveCfg = Release|Any CPU
		{29F0C719-C00A-4FA7-81D0-995C590B534D}.Release|Any CPU.Build.0 = Release|Any CPU
	EndGlobalSection
	GlobalSection(SolutionProperties) = preSolution
		HideSolutionNode = FALSE
	EndGlobalSection
	GlobalSection(ExtensibilityGlobals) = postSolution
		SolutionGuid = {A79E5858-D925-4C68-8E6B-9B8F9A606734}
	EndGlobalSection
EndGlobal
