
Microsoft Visual Studio Solution File, Format Version 12.00
# Visual Studio Version 16
VisualStudioVersion = 16.0.29025.244
MinimumVisualStudioVersion = 10.0.40219.1
Project("{9A19103F-16F7-4668-BE54-9A1E7A4F7556}") = "01.Person", "01.Person\01.Person.csproj", "{F8F6C2D5-A77B-434C-A31C-9A702F9167CA}"
EndProject
Project("{9A19103F-16F7-4668-BE54-9A1E7A4F7556}") = "04.NeedForSpeed", "04.NeedForSpeed\04.NeedForSpeed.csproj", "{67E1CDDB-AA79-4574-BD11-DC55E83F7C2E}"
EndProject
Project("{9A19103F-16F7-4668-BE54-9A1E7A4F7556}") = "Restaurant", "Restaurant\Restaurant.csproj", "{8E9C9257-2948-41BA-A00C-0DEFFAE54323}"
EndProject
Project("{9A19103F-16F7-4668-BE54-9A1E7A4F7556}") = "Zoo", "02.Zoo\Zoo.csproj", "{D5CCD999-3905-4681-9EC4-7E8D73079F0A}"
EndProject
Project("{9A19103F-16F7-4668-BE54-9A1E7A4F7556}") = "PlayersAndMonsters", "03.PlayersAndMonsters\PlayersAndMonsters.csproj", "{51802DEB-9031-4FC6-A01A-DED382D4C27D}"
EndProject
Project("{FAE04EC0-301F-11D3-BF4B-00C04F79EFBC}") = "Animals", "Animals\Animals.csproj", "{F3107AB5-8F0B-42B9-8F99-59FBEA09BCBE}"
EndProject
Global
	GlobalSection(SolutionConfigurationPlatforms) = preSolution
		Debug|Any CPU = Debug|Any CPU
		Release|Any CPU = Release|Any CPU
	EndGlobalSection
	GlobalSection(ProjectConfigurationPlatforms) = postSolution
		{F8F6C2D5-A77B-434C-A31C-9A702F9167CA}.Debug|Any CPU.ActiveCfg = Debug|Any CPU
		{F8F6C2D5-A77B-434C-A31C-9A702F9167CA}.Debug|Any CPU.Build.0 = Debug|Any CPU
		{F8F6C2D5-A77B-434C-A31C-9A702F9167CA}.Release|Any CPU.ActiveCfg = Release|Any CPU
		{F8F6C2D5-A77B-434C-A31C-9A702F9167CA}.Release|Any CPU.Build.0 = Release|Any CPU
		{67E1CDDB-AA79-4574-BD11-DC55E83F7C2E}.Debug|Any CPU.ActiveCfg = Debug|Any CPU
		{67E1CDDB-AA79-4574-BD11-DC55E83F7C2E}.Debug|Any CPU.Build.0 = Debug|Any CPU
		{67E1CDDB-AA79-4574-BD11-DC55E83F7C2E}.Release|Any CPU.ActiveCfg = Release|Any CPU
		{67E1CDDB-AA79-4574-BD11-DC55E83F7C2E}.Release|Any CPU.Build.0 = Release|Any CPU
		{8E9C9257-2948-41BA-A00C-0DEFFAE54323}.Debug|Any CPU.ActiveCfg = Debug|Any CPU
		{8E9C9257-2948-41BA-A00C-0DEFFAE54323}.Debug|Any CPU.Build.0 = Debug|Any CPU
		{8E9C9257-2948-41BA-A00C-0DEFFAE54323}.Release|Any CPU.ActiveCfg = Release|Any CPU
		{8E9C9257-2948-41BA-A00C-0DEFFAE54323}.Release|Any CPU.Build.0 = Release|Any CPU
		{D5CCD999-3905-4681-9EC4-7E8D73079F0A}.Debug|Any CPU.ActiveCfg = Debug|Any CPU
		{D5CCD999-3905-4681-9EC4-7E8D73079F0A}.Debug|Any CPU.Build.0 = Debug|Any CPU
		{D5CCD999-3905-4681-9EC4-7E8D73079F0A}.Release|Any CPU.ActiveCfg = Release|Any CPU
		{D5CCD999-3905-4681-9EC4-7E8D73079F0A}.Release|Any CPU.Build.0 = Release|Any CPU
		{51802DEB-9031-4FC6-A01A-DED382D4C27D}.Debug|Any CPU.ActiveCfg = Debug|Any CPU
		{51802DEB-9031-4FC6-A01A-DED382D4C27D}.Debug|Any CPU.Build.0 = Debug|Any CPU
		{51802DEB-9031-4FC6-A01A-DED382D4C27D}.Release|Any CPU.ActiveCfg = Release|Any CPU
		{51802DEB-9031-4FC6-A01A-DED382D4C27D}.Release|Any CPU.Build.0 = Release|Any CPU
		{F3107AB5-8F0B-42B9-8F99-59FBEA09BCBE}.Debug|Any CPU.ActiveCfg = Debug|Any CPU
		{F3107AB5-8F0B-42B9-8F99-59FBEA09BCBE}.Debug|Any CPU.Build.0 = Debug|Any CPU
		{F3107AB5-8F0B-42B9-8F99-59FBEA09BCBE}.Release|Any CPU.ActiveCfg = Release|Any CPU
		{F3107AB5-8F0B-42B9-8F99-59FBEA09BCBE}.Release|Any CPU.Build.0 = Release|Any CPU
	EndGlobalSection
	GlobalSection(SolutionProperties) = preSolution
		HideSolutionNode = FALSE
	EndGlobalSection
	GlobalSection(ExtensibilityGlobals) = postSolution
		SolutionGuid = {EAF5A29C-82A1-48CF-A125-77759DB98BD7}
	EndGlobalSection
EndGlobal
