
Microsoft Visual Studio Solution File, Format Version 12.00
# Visual Studio Version 16
VisualStudioVersion = 16.0.31005.135
MinimumVisualStudioVersion = 10.0.40219.1
Project("{9A19103F-16F7-4668-BE54-9A1E7A4F7556}") = "01.MusicHubDatabase", "01.MusicHubDatabase\01.MusicHubDatabase.csproj", "{201762CE-DE46-4636-B880-BE7B874AD27C}"
EndProject
Global
	GlobalSection(SolutionConfigurationPlatforms) = preSolution
		Debug|Any CPU = Debug|Any CPU
		Release|Any CPU = Release|Any CPU
	EndGlobalSection
	GlobalSection(ProjectConfigurationPlatforms) = postSolution
		{201762CE-DE46-4636-B880-BE7B874AD27C}.Debug|Any CPU.ActiveCfg = Debug|Any CPU
		{201762CE-DE46-4636-B880-BE7B874AD27C}.Debug|Any CPU.Build.0 = Debug|Any CPU
		{201762CE-DE46-4636-B880-BE7B874AD27C}.Release|Any CPU.ActiveCfg = Release|Any CPU
		{201762CE-DE46-4636-B880-BE7B874AD27C}.Release|Any CPU.Build.0 = Release|Any CPU
	EndGlobalSection
	GlobalSection(SolutionProperties) = preSolution
		HideSolutionNode = FALSE
	EndGlobalSection
	GlobalSection(ExtensibilityGlobals) = postSolution
		SolutionGuid = {19789FB2-8944-4C59-9BF9-9EEB257F2135}
	EndGlobalSection
EndGlobal
