
Microsoft Visual Studio Solution File, Format Version 12.00
# Visual Studio Version 16
VisualStudioVersion = 16.0.31005.135
MinimumVisualStudioVersion = 10.0.40219.1
Project("{9A19103F-16F7-4668-BE54-9A1E7A4F7556}") = "01.StudentSystem", "01.StudentSystem\01.StudentSystem.csproj", "{09EE99F4-365A-4966-854D-0993E23E47AA}"
EndProject
Project("{9A19103F-16F7-4668-BE54-9A1E7A4F7556}") = "02.FootballBetting", "02.FootballBetting\02.FootballBetting.csproj", "{7691C600-12EC-4597-A43E-AB442B0FA963}"
EndProject
Project("{FAE04EC0-301F-11D3-BF4B-00C04F79EFBC}") = "Test", "Test\Test.csproj", "{0CC7685F-A701-4D32-AB5E-B0FA9A1DBC08}"
EndProject
Global
	GlobalSection(SolutionConfigurationPlatforms) = preSolution
		Debug|Any CPU = Debug|Any CPU
		Release|Any CPU = Release|Any CPU
	EndGlobalSection
	GlobalSection(ProjectConfigurationPlatforms) = postSolution
		{09EE99F4-365A-4966-854D-0993E23E47AA}.Debug|Any CPU.ActiveCfg = Debug|Any CPU
		{09EE99F4-365A-4966-854D-0993E23E47AA}.Debug|Any CPU.Build.0 = Debug|Any CPU
		{09EE99F4-365A-4966-854D-0993E23E47AA}.Release|Any CPU.ActiveCfg = Release|Any CPU
		{09EE99F4-365A-4966-854D-0993E23E47AA}.Release|Any CPU.Build.0 = Release|Any CPU
		{7691C600-12EC-4597-A43E-AB442B0FA963}.Debug|Any CPU.ActiveCfg = Debug|Any CPU
		{7691C600-12EC-4597-A43E-AB442B0FA963}.Debug|Any CPU.Build.0 = Debug|Any CPU
		{7691C600-12EC-4597-A43E-AB442B0FA963}.Release|Any CPU.ActiveCfg = Release|Any CPU
		{7691C600-12EC-4597-A43E-AB442B0FA963}.Release|Any CPU.Build.0 = Release|Any CPU
		{0CC7685F-A701-4D32-AB5E-B0FA9A1DBC08}.Debug|Any CPU.ActiveCfg = Debug|Any CPU
		{0CC7685F-A701-4D32-AB5E-B0FA9A1DBC08}.Debug|Any CPU.Build.0 = Debug|Any CPU
		{0CC7685F-A701-4D32-AB5E-B0FA9A1DBC08}.Release|Any CPU.ActiveCfg = Release|Any CPU
		{0CC7685F-A701-4D32-AB5E-B0FA9A1DBC08}.Release|Any CPU.Build.0 = Release|Any CPU
	EndGlobalSection
	GlobalSection(SolutionProperties) = preSolution
		HideSolutionNode = FALSE
	EndGlobalSection
	GlobalSection(ExtensibilityGlobals) = postSolution
		SolutionGuid = {CDCD6FD9-F391-40C2-B210-1E77FDE580E9}
	EndGlobalSection
EndGlobal
