
Microsoft Visual Studio Solution File, Format Version 12.00
# Visual Studio Version 16
VisualStudioVersion = 16.0.31005.135
MinimumVisualStudioVersion = 10.0.40219.1
Project("{FAE04EC0-301F-11D3-BF4B-00C04F79EFBC}") = "01.StudentSystem", "01.StudentSystem\01.StudentSystem.csproj", "{09EE99F4-365A-4966-854D-0993E23E47AA}"
EndProject
Global
	GlobalSection(SolutionConfigurationPlatforms) = preSolution
		Debug|Any CPU = Debug|Any CPU
		Release|Any CPU = Release|Any CPU
	EndGlobalSection
	GlobalSection(ProjectConfigurationPlatforms) = postSolution
		{09EE99F4-365A-4966-854D-0993E23E47AA}.Debug|Any CPU.ActiveCfg = Debug|Any CPU
		{09EE99F4-365A-4966-854D-0993E23E47AA}.Debug|Any CPU.Build.0 = Debug|Any CPU
		{09EE99F4-365A-4966-854D-0993E23E47AA}.Release|Any CPU.ActiveCfg = Release|Any CPU
		{09EE99F4-365A-4966-854D-0993E23E47AA}.Release|Any CPU.Build.0 = Release|Any CPU
	EndGlobalSection
	GlobalSection(SolutionProperties) = preSolution
		HideSolutionNode = FALSE
	EndGlobalSection
	GlobalSection(ExtensibilityGlobals) = postSolution
		SolutionGuid = {CDCD6FD9-F391-40C2-B210-1E77FDE580E9}
	EndGlobalSection
EndGlobal
