
Microsoft Visual Studio Solution File, Format Version 12.00
# Visual Studio Version 16
VisualStudioVersion = 16.0.30002.166
MinimumVisualStudioVersion = 10.0.40219.1
Project("{9A19103F-16F7-4668-BE54-9A1E7A4F7556}") = "01.DefineAClassPerson", "01.DefineAClassPerson\01.DefineAClassPerson.csproj", "{7CEC9261-4207-48C2-9390-4B3F69366E76}"
EndProject
Project("{9A19103F-16F7-4668-BE54-9A1E7A4F7556}") = "02.CreatingConstructors", "02.CreatingConstructors\02.CreatingConstructors.csproj", "{A2CB7231-DB45-4BE7-B677-63C20ADAFA6B}"
EndProject
Project("{9A19103F-16F7-4668-BE54-9A1E7A4F7556}") = "03.OldestFamilyMember", "03.OldestFamilyMember\03.OldestFamilyMember.csproj", "{F18B6D94-F84E-48BA-8D0E-553BB4F7AB78}"
EndProject
Project("{FAE04EC0-301F-11D3-BF4B-00C04F79EFBC}") = "04.OpinionPoll", "04.OpinionPoll\04.OpinionPoll.csproj", "{B9044D42-AB60-49D0-9292-D52E551D271F}"
EndProject
Global
	GlobalSection(SolutionConfigurationPlatforms) = preSolution
		Debug|Any CPU = Debug|Any CPU
		Release|Any CPU = Release|Any CPU
	EndGlobalSection
	GlobalSection(ProjectConfigurationPlatforms) = postSolution
		{7CEC9261-4207-48C2-9390-4B3F69366E76}.Debug|Any CPU.ActiveCfg = Debug|Any CPU
		{7CEC9261-4207-48C2-9390-4B3F69366E76}.Debug|Any CPU.Build.0 = Debug|Any CPU
		{7CEC9261-4207-48C2-9390-4B3F69366E76}.Release|Any CPU.ActiveCfg = Release|Any CPU
		{7CEC9261-4207-48C2-9390-4B3F69366E76}.Release|Any CPU.Build.0 = Release|Any CPU
		{A2CB7231-DB45-4BE7-B677-63C20ADAFA6B}.Debug|Any CPU.ActiveCfg = Debug|Any CPU
		{A2CB7231-DB45-4BE7-B677-63C20ADAFA6B}.Debug|Any CPU.Build.0 = Debug|Any CPU
		{A2CB7231-DB45-4BE7-B677-63C20ADAFA6B}.Release|Any CPU.ActiveCfg = Release|Any CPU
		{A2CB7231-DB45-4BE7-B677-63C20ADAFA6B}.Release|Any CPU.Build.0 = Release|Any CPU
		{F18B6D94-F84E-48BA-8D0E-553BB4F7AB78}.Debug|Any CPU.ActiveCfg = Debug|Any CPU
		{F18B6D94-F84E-48BA-8D0E-553BB4F7AB78}.Debug|Any CPU.Build.0 = Debug|Any CPU
		{F18B6D94-F84E-48BA-8D0E-553BB4F7AB78}.Release|Any CPU.ActiveCfg = Release|Any CPU
		{F18B6D94-F84E-48BA-8D0E-553BB4F7AB78}.Release|Any CPU.Build.0 = Release|Any CPU
		{B9044D42-AB60-49D0-9292-D52E551D271F}.Debug|Any CPU.ActiveCfg = Debug|Any CPU
		{B9044D42-AB60-49D0-9292-D52E551D271F}.Debug|Any CPU.Build.0 = Debug|Any CPU
		{B9044D42-AB60-49D0-9292-D52E551D271F}.Release|Any CPU.ActiveCfg = Release|Any CPU
		{B9044D42-AB60-49D0-9292-D52E551D271F}.Release|Any CPU.Build.0 = Release|Any CPU
	EndGlobalSection
	GlobalSection(SolutionProperties) = preSolution
		HideSolutionNode = FALSE
	EndGlobalSection
	GlobalSection(ExtensibilityGlobals) = postSolution
		SolutionGuid = {BF805934-A340-493E-A2A8-F146BD6FA523}
	EndGlobalSection
EndGlobal
