
Microsoft Visual Studio Solution File, Format Version 12.00
# Visual Studio Version 16
VisualStudioVersion = 16.0.31005.135
MinimumVisualStudioVersion = 10.0.40219.1
Project("{9A19103F-16F7-4668-BE54-9A1E7A4F7556}") = "JSONDemo", "JSONDemo\JSONDemo.csproj", "{09D8C731-8B4B-47B0-8890-FE2CEB13EA65}"
EndProject
Project("{FAE04EC0-301F-11D3-BF4B-00C04F79EFBC}") = "NewtonJsonDemo", "NewtonJsonDemo\NewtonJsonDemo.csproj", "{0307D389-2CAF-4D39-BDDF-49D34C398D08}"
EndProject
Project("{FAE04EC0-301F-11D3-BF4B-00C04F79EFBC}") = "XMLDemo", "XMLDemo\XMLDemo.csproj", "{F2AC6E9C-5F37-4FD4-BFC4-1FAF5F9728F4}"
EndProject
Global
	GlobalSection(SolutionConfigurationPlatforms) = preSolution
		Debug|Any CPU = Debug|Any CPU
		Release|Any CPU = Release|Any CPU
	EndGlobalSection
	GlobalSection(ProjectConfigurationPlatforms) = postSolution
		{09D8C731-8B4B-47B0-8890-FE2CEB13EA65}.Debug|Any CPU.ActiveCfg = Debug|Any CPU
		{09D8C731-8B4B-47B0-8890-FE2CEB13EA65}.Debug|Any CPU.Build.0 = Debug|Any CPU
		{09D8C731-8B4B-47B0-8890-FE2CEB13EA65}.Release|Any CPU.ActiveCfg = Release|Any CPU
		{09D8C731-8B4B-47B0-8890-FE2CEB13EA65}.Release|Any CPU.Build.0 = Release|Any CPU
		{0307D389-2CAF-4D39-BDDF-49D34C398D08}.Debug|Any CPU.ActiveCfg = Debug|Any CPU
		{0307D389-2CAF-4D39-BDDF-49D34C398D08}.Debug|Any CPU.Build.0 = Debug|Any CPU
		{0307D389-2CAF-4D39-BDDF-49D34C398D08}.Release|Any CPU.ActiveCfg = Release|Any CPU
		{0307D389-2CAF-4D39-BDDF-49D34C398D08}.Release|Any CPU.Build.0 = Release|Any CPU
		{F2AC6E9C-5F37-4FD4-BFC4-1FAF5F9728F4}.Debug|Any CPU.ActiveCfg = Debug|Any CPU
		{F2AC6E9C-5F37-4FD4-BFC4-1FAF5F9728F4}.Debug|Any CPU.Build.0 = Debug|Any CPU
		{F2AC6E9C-5F37-4FD4-BFC4-1FAF5F9728F4}.Release|Any CPU.ActiveCfg = Release|Any CPU
		{F2AC6E9C-5F37-4FD4-BFC4-1FAF5F9728F4}.Release|Any CPU.Build.0 = Release|Any CPU
	EndGlobalSection
	GlobalSection(SolutionProperties) = preSolution
		HideSolutionNode = FALSE
	EndGlobalSection
	GlobalSection(ExtensibilityGlobals) = postSolution
		SolutionGuid = {315D69D6-BB37-4E45-9BA7-13608BD7195C}
	EndGlobalSection
EndGlobal
