
Microsoft Visual Studio Solution File, Format Version 12.00
# Visual Studio Version 16
VisualStudioVersion = 16.0.29025.244
MinimumVisualStudioVersion = 10.0.40219.1
Project("{9A19103F-16F7-4668-BE54-9A1E7A4F7556}") = "01. DiagonalDifference", "1. DiagonalDifference\01. DiagonalDifference.csproj", "{DB084A0F-0E07-4086-B445-A7533FFECB1C}"
EndProject
Project("{9A19103F-16F7-4668-BE54-9A1E7A4F7556}") = "02.SquaresInMatrix", "02.SquaresInMatrix\02.SquaresInMatrix.csproj", "{00B5BB77-EC93-4A83-A532-1C74C3C19A70}"
EndProject
Project("{FAE04EC0-301F-11D3-BF4B-00C04F79EFBC}") = "03.MaximalSum", "03.MaximalSum\03.MaximalSum.csproj", "{A68CAD12-C926-4574-B219-F58086B40D4F}"
EndProject
Global
	GlobalSection(SolutionConfigurationPlatforms) = preSolution
		Debug|Any CPU = Debug|Any CPU
		Release|Any CPU = Release|Any CPU
	EndGlobalSection
	GlobalSection(ProjectConfigurationPlatforms) = postSolution
		{DB084A0F-0E07-4086-B445-A7533FFECB1C}.Debug|Any CPU.ActiveCfg = Debug|Any CPU
		{DB084A0F-0E07-4086-B445-A7533FFECB1C}.Debug|Any CPU.Build.0 = Debug|Any CPU
		{DB084A0F-0E07-4086-B445-A7533FFECB1C}.Release|Any CPU.ActiveCfg = Release|Any CPU
		{DB084A0F-0E07-4086-B445-A7533FFECB1C}.Release|Any CPU.Build.0 = Release|Any CPU
		{00B5BB77-EC93-4A83-A532-1C74C3C19A70}.Debug|Any CPU.ActiveCfg = Debug|Any CPU
		{00B5BB77-EC93-4A83-A532-1C74C3C19A70}.Debug|Any CPU.Build.0 = Debug|Any CPU
		{00B5BB77-EC93-4A83-A532-1C74C3C19A70}.Release|Any CPU.ActiveCfg = Release|Any CPU
		{00B5BB77-EC93-4A83-A532-1C74C3C19A70}.Release|Any CPU.Build.0 = Release|Any CPU
		{A68CAD12-C926-4574-B219-F58086B40D4F}.Debug|Any CPU.ActiveCfg = Debug|Any CPU
		{A68CAD12-C926-4574-B219-F58086B40D4F}.Debug|Any CPU.Build.0 = Debug|Any CPU
		{A68CAD12-C926-4574-B219-F58086B40D4F}.Release|Any CPU.ActiveCfg = Release|Any CPU
		{A68CAD12-C926-4574-B219-F58086B40D4F}.Release|Any CPU.Build.0 = Release|Any CPU
	EndGlobalSection
	GlobalSection(SolutionProperties) = preSolution
		HideSolutionNode = FALSE
	EndGlobalSection
	GlobalSection(ExtensibilityGlobals) = postSolution
		SolutionGuid = {661AD480-5393-48F4-B8AD-82FEFA080BF6}
	EndGlobalSection
EndGlobal
