
Microsoft Visual Studio Solution File, Format Version 12.00
# Visual Studio Version 16
VisualStudioVersion = 16.0.30320.27
MinimumVisualStudioVersion = 10.0.40219.1
Project("{9A19103F-16F7-4668-BE54-9A1E7A4F7556}") = "01.DefineAnInterfaceIPerson", "01.DefineAnInterfaceIPerson\01.DefineAnInterfaceIPerson.csproj", "{F9B4DD22-D4FD-453D-9ACB-3C07E994835E}"
EndProject
Project("{9A19103F-16F7-4668-BE54-9A1E7A4F7556}") = "02.MultipleImplementation", "02.MultipleImplementation\02.MultipleImplementation.csproj", "{ACAE23DE-5EE4-400E-9429-C98DFBA7C5C6}"
EndProject
Project("{9A19103F-16F7-4668-BE54-9A1E7A4F7556}") = "03.Ferrari", "03.Ferrari\03.Ferrari.csproj", "{84FD05AF-A75C-4B03-AAC3-2DAD427129DF}"
EndProject
Project("{9A19103F-16F7-4668-BE54-9A1E7A4F7556}") = "04.Telephony", "04.Telephony\04.Telephony.csproj", "{29187D82-FE82-496F-A6B8-886790D1452E}"
EndProject
Project("{9A19103F-16F7-4668-BE54-9A1E7A4F7556}") = "05.BorderControl", "05.BorderControl\05.BorderControl.csproj", "{D93AF7A3-B2DB-4360-9A74-BCF5126E1945}"
EndProject
Project("{9A19103F-16F7-4668-BE54-9A1E7A4F7556}") = "06.BirthdayCelebrations", "06.BirthdayCelebrations\06.BirthdayCelebrations.csproj", "{5257BD65-63EC-42A8-A1D8-1C6942DF563F}"
EndProject
Project("{9A19103F-16F7-4668-BE54-9A1E7A4F7556}") = "07.FoodShortage", "07.FoodShortage\07.FoodShortage.csproj", "{FEAFFDA6-365D-4498-BD11-5778F3AA3D52}"
EndProject
Project("{FAE04EC0-301F-11D3-BF4B-00C04F79EFBC}") = "08.MilitaryElite", "08.MilitaryElite\08.MilitaryElite.csproj", "{E39461A5-06D1-4B41-A656-B625A167616F}"
EndProject
Global
	GlobalSection(SolutionConfigurationPlatforms) = preSolution
		Debug|Any CPU = Debug|Any CPU
		Release|Any CPU = Release|Any CPU
	EndGlobalSection
	GlobalSection(ProjectConfigurationPlatforms) = postSolution
		{F9B4DD22-D4FD-453D-9ACB-3C07E994835E}.Debug|Any CPU.ActiveCfg = Debug|Any CPU
		{F9B4DD22-D4FD-453D-9ACB-3C07E994835E}.Debug|Any CPU.Build.0 = Debug|Any CPU
		{F9B4DD22-D4FD-453D-9ACB-3C07E994835E}.Release|Any CPU.ActiveCfg = Release|Any CPU
		{F9B4DD22-D4FD-453D-9ACB-3C07E994835E}.Release|Any CPU.Build.0 = Release|Any CPU
		{ACAE23DE-5EE4-400E-9429-C98DFBA7C5C6}.Debug|Any CPU.ActiveCfg = Debug|Any CPU
		{ACAE23DE-5EE4-400E-9429-C98DFBA7C5C6}.Debug|Any CPU.Build.0 = Debug|Any CPU
		{ACAE23DE-5EE4-400E-9429-C98DFBA7C5C6}.Release|Any CPU.ActiveCfg = Release|Any CPU
		{ACAE23DE-5EE4-400E-9429-C98DFBA7C5C6}.Release|Any CPU.Build.0 = Release|Any CPU
		{84FD05AF-A75C-4B03-AAC3-2DAD427129DF}.Debug|Any CPU.ActiveCfg = Debug|Any CPU
		{84FD05AF-A75C-4B03-AAC3-2DAD427129DF}.Debug|Any CPU.Build.0 = Debug|Any CPU
		{84FD05AF-A75C-4B03-AAC3-2DAD427129DF}.Release|Any CPU.ActiveCfg = Release|Any CPU
		{84FD05AF-A75C-4B03-AAC3-2DAD427129DF}.Release|Any CPU.Build.0 = Release|Any CPU
		{29187D82-FE82-496F-A6B8-886790D1452E}.Debug|Any CPU.ActiveCfg = Debug|Any CPU
		{29187D82-FE82-496F-A6B8-886790D1452E}.Debug|Any CPU.Build.0 = Debug|Any CPU
		{29187D82-FE82-496F-A6B8-886790D1452E}.Release|Any CPU.ActiveCfg = Release|Any CPU
		{29187D82-FE82-496F-A6B8-886790D1452E}.Release|Any CPU.Build.0 = Release|Any CPU
		{D93AF7A3-B2DB-4360-9A74-BCF5126E1945}.Debug|Any CPU.ActiveCfg = Debug|Any CPU
		{D93AF7A3-B2DB-4360-9A74-BCF5126E1945}.Debug|Any CPU.Build.0 = Debug|Any CPU
		{D93AF7A3-B2DB-4360-9A74-BCF5126E1945}.Release|Any CPU.ActiveCfg = Release|Any CPU
		{D93AF7A3-B2DB-4360-9A74-BCF5126E1945}.Release|Any CPU.Build.0 = Release|Any CPU
		{5257BD65-63EC-42A8-A1D8-1C6942DF563F}.Debug|Any CPU.ActiveCfg = Debug|Any CPU
		{5257BD65-63EC-42A8-A1D8-1C6942DF563F}.Debug|Any CPU.Build.0 = Debug|Any CPU
		{5257BD65-63EC-42A8-A1D8-1C6942DF563F}.Release|Any CPU.ActiveCfg = Release|Any CPU
		{5257BD65-63EC-42A8-A1D8-1C6942DF563F}.Release|Any CPU.Build.0 = Release|Any CPU
		{FEAFFDA6-365D-4498-BD11-5778F3AA3D52}.Debug|Any CPU.ActiveCfg = Debug|Any CPU
		{FEAFFDA6-365D-4498-BD11-5778F3AA3D52}.Debug|Any CPU.Build.0 = Debug|Any CPU
		{FEAFFDA6-365D-4498-BD11-5778F3AA3D52}.Release|Any CPU.ActiveCfg = Release|Any CPU
		{FEAFFDA6-365D-4498-BD11-5778F3AA3D52}.Release|Any CPU.Build.0 = Release|Any CPU
		{E39461A5-06D1-4B41-A656-B625A167616F}.Debug|Any CPU.ActiveCfg = Debug|Any CPU
		{E39461A5-06D1-4B41-A656-B625A167616F}.Debug|Any CPU.Build.0 = Debug|Any CPU
		{E39461A5-06D1-4B41-A656-B625A167616F}.Release|Any CPU.ActiveCfg = Release|Any CPU
		{E39461A5-06D1-4B41-A656-B625A167616F}.Release|Any CPU.Build.0 = Release|Any CPU
	EndGlobalSection
	GlobalSection(SolutionProperties) = preSolution
		HideSolutionNode = FALSE
	EndGlobalSection
	GlobalSection(ExtensibilityGlobals) = postSolution
		SolutionGuid = {21787BE9-540A-44C6-BF27-FF95109FFCCC}
	EndGlobalSection
EndGlobal
